<?xml version="1.0" encoding="utf-8"?>
<Project ToolsVersion="4.0" xmlns="http://schemas.microsoft.com/developer/msbuild/2003">
  <ItemGroup>
    <Filter Include="Resource Files">
      <UniqueIdentifier>{67DA6AB6-F800-4c08-8B7A-83BB121AAD01}</UniqueIdentifier>
      <Extensions>rc;ico;cur;bmp;dlg;rc2;rct;bin;rgs;gif;jpg;jpeg;jpe;resx;tiff;tif;png;wav;mfcribbon-ms</Extensions>
    </Filter>
    <Filter Include="Game Code">
      <UniqueIdentifier>{4FC737F1-C7A5-4376-A066-2A32D752A2FF}</UniqueIdentifier>
      <Extensions>cpp;c;cc;cxx;def;odl;idl;hpj;bat;asm;asmx</Extensions>
    </Filter>
    <Filter Include="Framework">
      <UniqueIdentifier>{856a5aa6-8268-4edf-977b-11dfe46f82b6}</UniqueIdentifier>
    </Filter>
    <Filter Include="Framework\Headers">
      <UniqueIdentifier>{e4e83d7e-4276-4db7-a311-d630d77aa3ae}</UniqueIdentifier>
    </Filter>
    <Filter Include="Framework\Sources">
      <UniqueIdentifier>{e636b99e-3b5f-4d1a-ab0f-c6fa173c3e56}</UniqueIdentifier>
    </Filter>
    <Filter Include="Game Code\Headers">
      <UniqueIdentifier>{d8304e81-5766-4d80-8c63-85a0263c49bb}</UniqueIdentifier>
    </Filter>
    <Filter Include="Game Code\Sources">
      <UniqueIdentifier>{7da3419a-b868-4212-95e4-8d1ce51bdf5a}</UniqueIdentifier>
    </Filter>
    <Filter Include="Levels">
      <UniqueIdentifier>{ae03f464-a8d5-44eb-a570-4aa43b1f9ae1}</UniqueIdentifier>
    </Filter>
  </ItemGroup>
  <ItemGroup>
    <ClCompile Include="Main.cpp">
      <Filter>Game Code\Sources</Filter>
    </ClCompile>
    <ClCompile Include="Framework\Sources\Animation.cpp">
      <Filter>Framework\Sources</Filter>
    </ClCompile>
    <ClCompile Include="Framework\Sources\AnimationSystem.cpp">
      <Filter>Framework\Sources</Filter>
    </ClCompile>
    <ClCompile Include="Framework\Sources\AssetManager.cpp">
      <Filter>Framework\Sources</Filter>
    </ClCompile>
    <ClCompile Include="Framework\Sources\GameObject.cpp">
      <Filter>Framework\Sources</Filter>
    </ClCompile>
    <ClCompile Include="Framework\Sources\SpriteObject.cpp">
      <Filter>Framework\Sources</Filter>
    </ClCompile>
    <ClCompile Include="Framework\Sources\TextObject.cpp">
      <Filter>Framework\Sources</Filter>
    </ClCompile>
    <ClCompile Include="Game Code\Sources\Level.cpp">
      <Filter>Game Code\Sources</Filter>
    </ClCompile>
    <ClCompile Include="Game Code\Sources\GridObject.cpp">
      <Filter>Game Code\Sources</Filter>
    </ClCompile>
    <ClCompile Include="Game Code\Sources\Ground.cpp">
      <Filter>Game Code\Sources</Filter>
    </ClCompile>
    <ClCompile Include="Game Code\Sources\Player.cpp">
      <Filter>Game Code\Sources</Filter>
    </ClCompile>
    <ClCompile Include="Game Code\Sources\Ladder.cpp">
      <Filter>Game Code\Sources</Filter>
    </ClCompile>
    <ClCompile Include="Game Code\Sources\Cog.cpp">
      <Filter>Game Code\Sources</Filter>
    </ClCompile>
    <ClCompile Include="Game Code\Sources\Screw.cpp">
      <Filter>Game Code\Sources</Filter>
    </ClCompile>
    <ClCompile Include="Game Code\Sources\Wood.cpp">
      <Filter>Game Code\Sources</Filter>
    </ClCompile>
    <ClCompile Include="Game Code\Sources\Web.cpp">
      <Filter>Game Code\Sources</Filter>
    </ClCompile>
    <ClCompile Include="Game Code\Sources\MovingObject.cpp">
      <Filter>Game Code\Sources</Filter>
    </ClCompile>
    <ClCompile Include="Game Code\Sources\Spider.cpp">
      <Filter>Game Code\Sources</Filter>
    </ClCompile>
    <ClCompile Include="Game Code\Sources\Tool Wheel.cpp">
      <Filter>Game Code\Sources</Filter>
    </ClCompile>
    <ClCompile Include="Game Code\Sources\checkPos.cpp">
      <Filter>Game Code\Sources</Filter>
    </ClCompile>
    <ClCompile Include="Game Code\Sources\Hammer.cpp">
      <Filter>Game Code\Sources</Filter>
    </ClCompile>
    <ClCompile Include="Game Code\Sources\Exit.cpp">
      <Filter>Game Code\Sources</Filter>
    </ClCompile>
    <ClCompile Include="Game Code\Sources\Shears.cpp">
      <Filter>Game Code\Sources</Filter>
    </ClCompile>
    <ClCompile Include="Game Code\Sources\Spanner.cpp">
      <Filter>Game Code\Sources</Filter>
    </ClCompile>
    <ClCompile Include="Game Code\Sources\ScrewNum.cpp">
      <Filter>Game Code\Sources</Filter>
    </ClCompile>
  </ItemGroup>
  <ItemGroup>
    <ClInclude Include="Framework\Headers\Animation.h">
      <Filter>Framework\Headers</Filter>
    </ClInclude>
    <ClInclude Include="Framework\Headers\AnimationSystem.h">
      <Filter>Framework\Headers</Filter>
    </ClInclude>
    <ClInclude Include="Framework\Headers\AssetManager.h">
      <Filter>Framework\Headers</Filter>
    </ClInclude>
    <ClInclude Include="Framework\Headers\GameObject.h">
      <Filter>Framework\Headers</Filter>
    </ClInclude>
    <ClInclude Include="Framework\Headers\SpriteObject.h">
      <Filter>Framework\Headers</Filter>
    </ClInclude>
    <ClInclude Include="Framework\Headers\TextObject.h">
      <Filter>Framework\Headers</Filter>
    </ClInclude>
    <ClInclude Include="Game Code\Headers\Level.h">
      <Filter>Game Code\Headers</Filter>
    </ClInclude>
    <ClInclude Include="Game Code\Headers\GridObject.h">
      <Filter>Game Code\Headers</Filter>
    </ClInclude>
    <ClInclude Include="Game Code\Headers\Ground.h">
      <Filter>Game Code\Headers</Filter>
    </ClInclude>
    <ClInclude Include="Game Code\Headers\Player.h">
      <Filter>Game Code\Headers</Filter>
    </ClInclude>
    <ClInclude Include="Game Code\Headers\Ladder.h">
      <Filter>Game Code\Headers</Filter>
    </ClInclude>
    <ClInclude Include="Game Code\Headers\Cog.h">
      <Filter>Game Code\Headers</Filter>
    </ClInclude>
    <ClInclude Include="Game Code\Headers\Screw.h">
      <Filter>Game Code\Headers</Filter>
    </ClInclude>
    <ClInclude Include="Game Code\Headers\Wood.h">
      <Filter>Game Code\Headers</Filter>
    </ClInclude>
    <ClInclude Include="Game Code\Headers\Web.h">
      <Filter>Game Code\Headers</Filter>
    </ClInclude>
    <ClInclude Include="Game Code\Headers\MovingObject.h">
      <Filter>Game Code\Headers</Filter>
    </ClInclude>
    <ClInclude Include="Game Code\Headers\Spider.h">
      <Filter>Game Code\Headers</Filter>
    </ClInclude>
    <ClInclude Include="Game Code\Headers\Tool Wheel.h">
      <Filter>Game Code\Headers</Filter>
    </ClInclude>
    <ClInclude Include="Game Code\Headers\checkPos.h">
      <Filter>Game Code\Headers</Filter>
    </ClInclude>
    <ClInclude Include="Game Code\Headers\Hammer.h">
      <Filter>Game Code\Headers</Filter>
    </ClInclude>
    <ClInclude Include="Game Code\Headers\Exit.h">
      <Filter>Game Code\Headers</Filter>
    </ClInclude>
    <ClInclude Include="Game Code\Headers\Shears.h">
      <Filter>Game Code\Headers</Filter>
    </ClInclude>
    <ClInclude Include="Game Code\Headers\Spanner.h">
      <Filter>Game Code\Headers</Filter>
    </ClInclude>
    <ClInclude Include="Game Code\Headers\ScrewNum.h">
      <Filter>Game Code\Headers</Filter>
    </ClInclude>
  </ItemGroup>
  <ItemGroup>
    <Text Include="levels\Level BOTTOM.txt">
      <Filter>Levels</Filter>
    </Text>
    <Text Include="levels\Level CENTER.txt">
      <Filter>Levels</Filter>
    </Text>
    <Text Include="levels\Level LEFT.txt">
      <Filter>Levels</Filter>
    </Text>
    <Text Include="levels\Level RIGHT.txt">
      <Filter>Levels</Filter>
    </Text>
    <Text Include="levels\Level TOP.txt">
      <Filter>Levels</Filter>
    </Text>
  </ItemGroup>
</Project>